// !$*UTF8*$!
{
	archiveVersion = 1;
	classes = {
	};
	objectVersion = 46;
	objects = {

/* Begin PBXBuildFile section */
		591C349216BFC66A007BA5E9 /* CQUtil.m in Sources */ = {isa = PBXBuildFile; fileRef = 591C349116BFC667007BA5E9 /* CQUtil.m */; };
		591C349416BFCB8B007BA5E9 /* CQ_stubs.m in Sources */ = {isa = PBXBuildFile; fileRef = 591C349316BFCB8A007BA5E9 /* CQ_stubs.m */; };
		591C349816BFCC25007BA5E9 /* CQ_convert.m in Sources */ = {isa = PBXBuildFile; fileRef = 591C349716BFCC25007BA5E9 /* CQ_convert.m */; };
		591C349B16BFD04A007BA5E9 /* CQWrapper.m in Sources */ = {isa = PBXBuildFile; fileRef = 591C349A16BFD04A007BA5E9 /* CQWrapper.m */; };
		5937F4B81792C78400D8A814 /* coq-8.4pl2-standard-libs-for-coq4ios.7z in Resources */ = {isa = PBXBuildFile; fileRef = 5937F4B71792C78400D8A814 /* coq-8.4pl2-standard-libs-for-coq4ios.7z */; };
		594CC0CA179773B7003EFC50 /* libcoqrun.a in Frameworks */ = {isa = PBXBuildFile; fileRef = 5937F4B51792AE6D00D8A814 /* libcoqrun.a */; };
		594CC0CB179773B7003EFC50 /* libgcc.a in Frameworks */ = {isa = PBXBuildFile; fileRef = 594CC0BB179772DC003EFC50 /* libgcc.a */; };
		594CC0CC179773B7003EFC50 /* libasmrun.a in Frameworks */ = {isa = PBXBuildFile; fileRef = 594CC0BD17977305003EFC50 /* libasmrun.a */; };
		594CC0CD179773B7003EFC50 /* libbigarray.a in Frameworks */ = {isa = PBXBuildFile; fileRef = 594CC0BE17977305003EFC50 /* libbigarray.a */; };
		594CC0CE179773B7003EFC50 /* libcamlstr.a in Frameworks */ = {isa = PBXBuildFile; fileRef = 594CC0BF17977305003EFC50 /* libcamlstr.a */; };
		594CC0CF179773B7003EFC50 /* libnums.a in Frameworks */ = {isa = PBXBuildFile; fileRef = 594CC0C017977305003EFC50 /* libnums.a */; };
		594CC0D0179773B7003EFC50 /* libthreadsnat.a in Frameworks */ = {isa = PBXBuildFile; fileRef = 594CC0C117977305003EFC50 /* libthreadsnat.a */; };
		594CC0D1179773B7003EFC50 /* libunix.a in Frameworks */ = {isa = PBXBuildFile; fileRef = 594CC0C217977305003EFC50 /* libunix.a */; };
		5953E66116CB8F930013CD34 /* CQColoredTextView.m in Sources */ = {isa = PBXBuildFile; fileRef = 5953E66016CB8F930013CD34 /* CQColoredTextView.m */; };
		5953E66316CB90FB0013CD34 /* CoreText.framework in Frameworks */ = {isa = PBXBuildFile; fileRef = 5953E66216CB90FB0013CD34 /* CoreText.framework */; };
		595428B616D4A5B30084CFA4 /* CQKeyboardAccessories-portlait.xib in Resources */ = {isa = PBXBuildFile; fileRef = 595428B516D4A5B30084CFA4 /* CQKeyboardAccessories-portlait.xib */; };
		596F606E1776E1BE002AFDAF /* coqlib.o in Frameworks */ = {isa = PBXBuildFile; fileRef = 596F606D1776E1BE002AFDAF /* coqlib.o */; };
		5996424416C7BA9E00121EDE /* CQDetailViewController.m in Sources */ = {isa = PBXBuildFile; fileRef = 5996424116C7BA9E00121EDE /* CQDetailViewController.m */; };
		5996424516C7BA9E00121EDE /* CQMasterViewController.m in Sources */ = {isa = PBXBuildFile; fileRef = 5996424316C7BA9E00121EDE /* CQMasterViewController.m */; };
		5996424A16C7BAC300121EDE /* CQDetailViewController.xib in Resources */ = {isa = PBXBuildFile; fileRef = 5996424616C7BAC300121EDE /* CQDetailViewController.xib */; };
		5996424B16C7BAC300121EDE /* CQMasterViewController.xib in Resources */ = {isa = PBXBuildFile; fileRef = 5996424816C7BAC300121EDE /* CQMasterViewController.xib */; };
		59C9BCB116CF738D0019F1C6 /* CQVernacDocument.m in Sources */ = {isa = PBXBuildFile; fileRef = 59C9BCB016CF738D0019F1C6 /* CQVernacDocument.m */; };
		59C9BCB316CF95740019F1C6 /* InitialVernacConsoleContent.v in Resources */ = {isa = PBXBuildFile; fileRef = 59C9BCB216CF95740019F1C6 /* InitialVernacConsoleContent.v */; };
		59F5345316CEEF42004216E8 /* liblzmaSDK-ios.a in Frameworks */ = {isa = PBXBuildFile; fileRef = 59F5345216CEEE2C004216E8 /* liblzmaSDK-ios.a */; };
		59F8A7F616BDE9E00096665F /* UIKit.framework in Frameworks */ = {isa = PBXBuildFile; fileRef = 59F8A7F516BDE9E00096665F /* UIKit.framework */; };
		59F8A7F816BDE9E00096665F /* Foundation.framework in Frameworks */ = {isa = PBXBuildFile; fileRef = 59F8A7F716BDE9E00096665F /* Foundation.framework */; };
		59F8A7FA16BDE9E00096665F /* CoreGraphics.framework in Frameworks */ = {isa = PBXBuildFile; fileRef = 59F8A7F916BDE9E00096665F /* CoreGraphics.framework */; };
		59F8A7FC16BDE9E00096665F /* CoreData.framework in Frameworks */ = {isa = PBXBuildFile; fileRef = 59F8A7FB16BDE9E00096665F /* CoreData.framework */; };
		59F8A80216BDE9E00096665F /* InfoPlist.strings in Resources */ = {isa = PBXBuildFile; fileRef = 59F8A80016BDE9E00096665F /* InfoPlist.strings */; };
		59F8A80416BDE9E00096665F /* main.m in Sources */ = {isa = PBXBuildFile; fileRef = 59F8A80316BDE9E00096665F /* main.m */; };
		59F8A80816BDE9E00096665F /* CQAppDelegate.m in Sources */ = {isa = PBXBuildFile; fileRef = 59F8A80716BDE9E00096665F /* CQAppDelegate.m */; };
		59F8A80A16BDE9E00096665F /* Default.png in Resources */ = {isa = PBXBuildFile; fileRef = 59F8A80916BDE9E00096665F /* Default.png */; };
		59F8A80C16BDE9E00096665F /* Default@2x.png in Resources */ = {isa = PBXBuildFile; fileRef = 59F8A80B16BDE9E00096665F /* Default@2x.png */; };
		59F8A80E16BDE9E00096665F /* Default-568h@2x.png in Resources */ = {isa = PBXBuildFile; fileRef = 59F8A80D16BDE9E00096665F /* Default-568h@2x.png */; };
		59F8A81716BDE9E00096665F /* CQFlipsideViewController.m in Sources */ = {isa = PBXBuildFile; fileRef = 59F8A81616BDE9E00096665F /* CQFlipsideViewController.m */; };
		59F8A81D16BDE9E00096665F /* CQFlipsideViewController.xib in Resources */ = {isa = PBXBuildFile; fileRef = 59F8A81B16BDE9E00096665F /* CQFlipsideViewController.xib */; };
/* End PBXBuildFile section */

/* Begin PBXContainerItemProxy section */
		59F5344F16CEEE2C004216E8 /* PBXContainerItemProxy */ = {
			isa = PBXContainerItemProxy;
			containerPortal = 59F5344A16CEEE2C004216E8 /* lzmaSDK.xcodeproj */;
			proxyType = 2;
			remoteGlobalIDString = 1D6058910D05DD3D006BFB54;
			remoteInfo = lzmaSDK;
		};
		59F5345116CEEE2C004216E8 /* PBXContainerItemProxy */ = {
			isa = PBXContainerItemProxy;
			containerPortal = 59F5344A16CEEE2C004216E8 /* lzmaSDK.xcodeproj */;
			proxyType = 2;
			remoteGlobalIDString = 59F5342C16CEE92E004216E8;
			remoteInfo = "lzmaSDK-ios";
		};
/* End PBXContainerItemProxy section */

/* Begin PBXFileReference section */
		591C349016BFC665007BA5E9 /* CQUtil.h */ = {isa = PBXFileReference; fileEncoding = 4; lastKnownFileType = sourcecode.c.h; path = CQUtil.h; sourceTree = "<group>"; };
		591C349116BFC667007BA5E9 /* CQUtil.m */ = {isa = PBXFileReference; fileEncoding = 4; lastKnownFileType = sourcecode.c.objc; path = CQUtil.m; sourceTree = "<group>"; };
		591C349316BFCB8A007BA5E9 /* CQ_stubs.m */ = {isa = PBXFileReference; fileEncoding = 4; lastKnownFileType = sourcecode.c.objc; path = CQ_stubs.m; sourceTree = "<group>"; };
		591C349616BFCC25007BA5E9 /* CQ_convert.h */ = {isa = PBXFileReference; fileEncoding = 4; lastKnownFileType = sourcecode.c.h; path = CQ_convert.h; sourceTree = "<group>"; };
		591C349716BFCC25007BA5E9 /* CQ_convert.m */ = {isa = PBXFileReference; fileEncoding = 4; lastKnownFileType = sourcecode.c.objc; path = CQ_convert.m; sourceTree = "<group>"; };
		591C349916BFD04A007BA5E9 /* CQWrapper.h */ = {isa = PBXFileReference; fileEncoding = 4; lastKnownFileType = sourcecode.c.h; path = CQWrapper.h; sourceTree = "<group>"; };
		591C349A16BFD04A007BA5E9 /* CQWrapper.m */ = {isa = PBXFileReference; fileEncoding = 4; lastKnownFileType = sourcecode.c.objc; path = CQWrapper.m; sourceTree = "<group>"; };
		5937F4B51792AE6D00D8A814 /* libcoqrun.a */ = {isa = PBXFileReference; lastKnownFileType = archive.ar; name = libcoqrun.a; path = "../../coq-src/kernel/byterun/libcoqrun.a"; sourceTree = "<group>"; };
		5937F4B71792C78400D8A814 /* coq-8.4pl2-standard-libs-for-coq4ios.7z */ = {isa = PBXFileReference; lastKnownFileType = file; name = "coq-8.4pl2-standard-libs-for-coq4ios.7z"; path = "../../coq-8.4pl2-standard-libs-for-coq4ios.7z"; sourceTree = "<group>"; };
		594CC0BB179772DC003EFC50 /* libgcc.a */ = {isa = PBXFileReference; lastKnownFileType = archive.ar; name = libgcc.a; path = "usr/llvm-gcc-4.2/lib/gcc/i686-apple-darwin11/4.2.1/libgcc.a"; sourceTree = DEVELOPER_DIR; };
		594CC0BD17977305003EFC50 /* libasmrun.a */ = {isa = PBXFileReference; lastKnownFileType = archive.ar; name = libasmrun.a; path = ../../../../../../usr/local/ocamlxsim/lib/ocaml/libasmrun.a; sourceTree = "<group>"; };
		594CC0BE17977305003EFC50 /* libbigarray.a */ = {isa = PBXFileReference; lastKnownFileType = archive.ar; name = libbigarray.a; path = ../../../../../../usr/local/ocamlxsim/lib/ocaml/libbigarray.a; sourceTree = "<group>"; };
		594CC0BF17977305003EFC50 /* libcamlstr.a */ = {isa = PBXFileReference; lastKnownFileType = archive.ar; name = libcamlstr.a; path = ../../../../../../usr/local/ocamlxsim/lib/ocaml/libcamlstr.a; sourceTree = "<group>"; };
		594CC0C017977305003EFC50 /* libnums.a */ = {isa = PBXFileReference; lastKnownFileType = archive.ar; name = libnums.a; path = ../../../../../../usr/local/ocamlxsim/lib/ocaml/libnums.a; sourceTree = "<group>"; };
		594CC0C117977305003EFC50 /* libthreadsnat.a */ = {isa = PBXFileReference; lastKnownFileType = archive.ar; name = libthreadsnat.a; path = ../../../../../../usr/local/ocamlxsim/lib/ocaml/libthreadsnat.a; sourceTree = "<group>"; };
		594CC0C217977305003EFC50 /* libunix.a */ = {isa = PBXFileReference; lastKnownFileType = archive.ar; name = libunix.a; path = ../../../../../../usr/local/ocamlxsim/lib/ocaml/libunix.a; sourceTree = "<group>"; };
		594CC0D2179773B7003EFC50 /* Coq4iPad.xcodeproj */ = {isa = PBXFileReference; lastKnownFileType = "wrapper.pb-project"; path = Coq4iPad.xcodeproj; sourceTree = "<group>"; };
		5953E65F16CB8F930013CD34 /* CQColoredTextView.h */ = {isa = PBXFileReference; fileEncoding = 4; lastKnownFileType = sourcecode.c.h; path = CQColoredTextView.h; sourceTree = "<group>"; };
		5953E66016CB8F930013CD34 /* CQColoredTextView.m */ = {isa = PBXFileReference; fileEncoding = 4; lastKnownFileType = sourcecode.c.objc; path = CQColoredTextView.m; sourceTree = "<group>"; };
		5953E66216CB90FB0013CD34 /* CoreText.framework */ = {isa = PBXFileReference; lastKnownFileType = wrapper.framework; name = CoreText.framework; path = System/Library/Frameworks/CoreText.framework; sourceTree = SDKROOT; };
		595428B516D4A5B30084CFA4 /* CQKeyboardAccessories-portlait.xib */ = {isa = PBXFileReference; fileEncoding = 4; lastKnownFileType = file.xib; path = "CQKeyboardAccessories-portlait.xib"; sourceTree = "<group>"; };
		596F606D1776E1BE002AFDAF /* coqlib.o */ = {isa = PBXFileReference; lastKnownFileType = "compiled.mach-o.objfile"; name = coqlib.o; path = ../../coqlib.o; sourceTree = "<group>"; };
		5996424016C7BA9D00121EDE /* CQDetailViewController.h */ = {isa = PBXFileReference; fileEncoding = 4; lastKnownFileType = sourcecode.c.h; path = CQDetailViewController.h; sourceTree = "<group>"; };
		5996424116C7BA9E00121EDE /* CQDetailViewController.m */ = {isa = PBXFileReference; fileEncoding = 4; lastKnownFileType = sourcecode.c.objc; path = CQDetailViewController.m; sourceTree = "<group>"; };
		5996424216C7BA9E00121EDE /* CQMasterViewController.h */ = {isa = PBXFileReference; fileEncoding = 4; lastKnownFileType = sourcecode.c.h; path = CQMasterViewController.h; sourceTree = "<group>"; };
		5996424316C7BA9E00121EDE /* CQMasterViewController.m */ = {isa = PBXFileReference; fileEncoding = 4; lastKnownFileType = sourcecode.c.objc; path = CQMasterViewController.m; sourceTree = "<group>"; };
		5996424716C7BAC300121EDE /* en */ = {isa = PBXFileReference; lastKnownFileType = file.xib; name = en; path = en.lproj/CQDetailViewController.xib; sourceTree = "<group>"; };
		5996424916C7BAC300121EDE /* en */ = {isa = PBXFileReference; lastKnownFileType = file.xib; name = en; path = en.lproj/CQMasterViewController.xib; sourceTree = "<group>"; };
		59C9BCAF16CF738D0019F1C6 /* CQVernacDocument.h */ = {isa = PBXFileReference; fileEncoding = 4; lastKnownFileType = sourcecode.c.h; path = CQVernacDocument.h; sourceTree = "<group>"; };
		59C9BCB016CF738D0019F1C6 /* CQVernacDocument.m */ = {isa = PBXFileReference; fileEncoding = 4; lastKnownFileType = sourcecode.c.objc; path = CQVernacDocument.m; sourceTree = "<group>"; };
		59C9BCB216CF95740019F1C6 /* InitialVernacConsoleContent.v */ = {isa = PBXFileReference; fileEncoding = 4; lastKnownFileType = text; path = InitialVernacConsoleContent.v; sourceTree = "<group>"; };
		59F5344A16CEEE2C004216E8 /* lzmaSDK.xcodeproj */ = {isa = PBXFileReference; lastKnownFileType = "wrapper.pb-project"; name = lzmaSDK.xcodeproj; path = ../lzmaSDK/lzmaSDK.xcodeproj; sourceTree = "<group>"; };
		59F8A7F216BDE9E00096665F /* Coq4iPad.app */ = {isa = PBXFileReference; explicitFileType = wrapper.application; includeInIndex = 0; path = Coq4iPad.app; sourceTree = BUILT_PRODUCTS_DIR; };
		59F8A7F516BDE9E00096665F /* UIKit.framework */ = {isa = PBXFileReference; lastKnownFileType = wrapper.framework; name = UIKit.framework; path = System/Library/Frameworks/UIKit.framework; sourceTree = SDKROOT; };
		59F8A7F716BDE9E00096665F /* Foundation.framework */ = {isa = PBXFileReference; lastKnownFileType = wrapper.framework; name = Foundation.framework; path = System/Library/Frameworks/Foundation.framework; sourceTree = SDKROOT; };
		59F8A7F916BDE9E00096665F /* CoreGraphics.framework */ = {isa = PBXFileReference; lastKnownFileType = wrapper.framework; name = CoreGraphics.framework; path = System/Library/Frameworks/CoreGraphics.framework; sourceTree = SDKROOT; };
		59F8A7FB16BDE9E00096665F /* CoreData.framework */ = {isa = PBXFileReference; lastKnownFileType = wrapper.framework; name = CoreData.framework; path = System/Library/Frameworks/CoreData.framework; sourceTree = SDKROOT; };
		59F8A7FF16BDE9E00096665F /* Coq4iPad-Info.plist */ = {isa = PBXFileReference; lastKnownFileType = text.plist.xml; path = "Coq4iPad-Info.plist"; sourceTree = "<group>"; };
		59F8A80116BDE9E00096665F /* en */ = {isa = PBXFileReference; lastKnownFileType = text.plist.strings; name = en; path = en.lproj/InfoPlist.strings; sourceTree = "<group>"; };
		59F8A80316BDE9E00096665F /* main.m */ = {isa = PBXFileReference; lastKnownFileType = sourcecode.c.objc; path = main.m; sourceTree = "<group>"; };
		59F8A80516BDE9E00096665F /* Coq4iPad-Prefix.pch */ = {isa = PBXFileReference; lastKnownFileType = sourcecode.c.h; path = "Coq4iPad-Prefix.pch"; sourceTree = "<group>"; };
		59F8A80616BDE9E00096665F /* CQAppDelegate.h */ = {isa = PBXFileReference; lastKnownFileType = sourcecode.c.h; path = CQAppDelegate.h; sourceTree = "<group>"; };
		59F8A80716BDE9E00096665F /* CQAppDelegate.m */ = {isa = PBXFileReference; lastKnownFileType = sourcecode.c.objc; path = CQAppDelegate.m; sourceTree = "<group>"; };
		59F8A80916BDE9E00096665F /* Default.png */ = {isa = PBXFileReference; lastKnownFileType = image.png; path = Default.png; sourceTree = "<group>"; };
		59F8A80B16BDE9E00096665F /* Default@2x.png */ = {isa = PBXFileReference; lastKnownFileType = image.png; path = "Default@2x.png"; sourceTree = "<group>"; };
		59F8A80D16BDE9E00096665F /* Default-568h@2x.png */ = {isa = PBXFileReference; lastKnownFileType = image.png; path = "Default-568h@2x.png"; sourceTree = "<group>"; };
		59F8A81516BDE9E00096665F /* CQFlipsideViewController.h */ = {isa = PBXFileReference; lastKnownFileType = sourcecode.c.h; path = CQFlipsideViewController.h; sourceTree = "<group>"; };
		59F8A81616BDE9E00096665F /* CQFlipsideViewController.m */ = {isa = PBXFileReference; lastKnownFileType = sourcecode.c.objc; path = CQFlipsideViewController.m; sourceTree = "<group>"; };
		59F8A81C16BDE9E00096665F /* en */ = {isa = PBXFileReference; lastKnownFileType = file.xib; name = en; path = en.lproj/CQFlipsideViewController.xib; sourceTree = "<group>"; };
/* End PBXFileReference section */

/* Begin PBXFrameworksBuildPhase section */
		59F8A7EF16BDE9E00096665F /* Frameworks */ = {
			isa = PBXFrameworksBuildPhase;
			buildActionMask = 2147483647;
			files = (
				59F5345316CEEF42004216E8 /* liblzmaSDK-ios.a in Frameworks */,
				5953E66316CB90FB0013CD34 /* CoreText.framework in Frameworks */,
				59F8A7F616BDE9E00096665F /* UIKit.framework in Frameworks */,
				59F8A7F816BDE9E00096665F /* Foundation.framework in Frameworks */,
				59F8A7FA16BDE9E00096665F /* CoreGraphics.framework in Frameworks */,
				59F8A7FC16BDE9E00096665F /* CoreData.framework in Frameworks */,
				594CC0CA179773B7003EFC50 /* libcoqrun.a in Frameworks */,
				594CC0CB179773B7003EFC50 /* libgcc.a in Frameworks */,
				594CC0CC179773B7003EFC50 /* libasmrun.a in Frameworks */,
				594CC0CD179773B7003EFC50 /* libbigarray.a in Frameworks */,
				594CC0CE179773B7003EFC50 /* libcamlstr.a in Frameworks */,
				594CC0CF179773B7003EFC50 /* libnums.a in Frameworks */,
				594CC0D0179773B7003EFC50 /* libthreadsnat.a in Frameworks */,
				594CC0D1179773B7003EFC50 /* libunix.a in Frameworks */,
				596F606E1776E1BE002AFDAF /* coqlib.o in Frameworks */,
			);
			runOnlyForDeploymentPostprocessing = 0;
		};
/* End PBXFrameworksBuildPhase section */

/* Begin PBXGroup section */
		591C348816BF767C007BA5E9 /* bridge-objc-caml */ = {
			isa = PBXGroup;
			children = (
				591C349916BFD04A007BA5E9 /* CQWrapper.h */,
				591C349A16BFD04A007BA5E9 /* CQWrapper.m */,
				591C349316BFCB8A007BA5E9 /* CQ_stubs.m */,
				591C349616BFCC25007BA5E9 /* CQ_convert.h */,
				591C349716BFCC25007BA5E9 /* CQ_convert.m */,
			);
			name = "bridge-objc-caml";
			sourceTree = "<group>";
		};
		594CC0B817977279003EFC50 /* ocaml-xsim */ = {
			isa = PBXGroup;
			children = (
				594CC0BB179772DC003EFC50 /* libgcc.a */,
				594CC0BD17977305003EFC50 /* libasmrun.a */,
				594CC0BE17977305003EFC50 /* libbigarray.a */,
				594CC0BF17977305003EFC50 /* libcamlstr.a */,
				594CC0C017977305003EFC50 /* libnums.a */,
				594CC0C117977305003EFC50 /* libthreadsnat.a */,
				594CC0C217977305003EFC50 /* libunix.a */,
			);
			name = "ocaml-xsim";
			sourceTree = "<group>";
		};
		594CC0C917977337003EFC50 /* coq */ = {
			isa = PBXGroup;
			children = (
				5937F4B51792AE6D00D8A814 /* libcoqrun.a */,
			);
			name = coq;
			sourceTree = "<group>";
		};
		594CC0D3179773B7003EFC50 /* Products */ = {
			isa = PBXGroup;
			name = Products;
			sourceTree = "<group>";
		};
		59F5344B16CEEE2C004216E8 /* Products */ = {
			isa = PBXGroup;
			children = (
				59F5345016CEEE2C004216E8 /* lzmaSDK.app */,
				59F5345216CEEE2C004216E8 /* liblzmaSDK-ios.a */,
			);
			name = Products;
			sourceTree = "<group>";
		};
		59F8A7E916BDE9E00096665F = {
			isa = PBXGroup;
			children = (
				594CC0D2179773B7003EFC50 /* Coq4iPad.xcodeproj */,
				59F8A7FD16BDE9E00096665F /* Coq4iPad */,
				59F8A7F416BDE9E00096665F /* Frameworks */,
				59F8A7F316BDE9E00096665F /* Products */,
			);
			sourceTree = "<group>";
		};
		59F8A7F316BDE9E00096665F /* Products */ = {
			isa = PBXGroup;
			children = (
				59F8A7F216BDE9E00096665F /* Coq4iPad.app */,
			);
			name = Products;
			sourceTree = "<group>";
		};
		59F8A7F416BDE9E00096665F /* Frameworks */ = {
			isa = PBXGroup;
			children = (
				59F5344A16CEEE2C004216E8 /* lzmaSDK.xcodeproj */,
				5953E66216CB90FB0013CD34 /* CoreText.framework */,
				59F8A7F516BDE9E00096665F /* UIKit.framework */,
				59F8A7F716BDE9E00096665F /* Foundation.framework */,
				59F8A7F916BDE9E00096665F /* CoreGraphics.framework */,
				59F8A7FB16BDE9E00096665F /* CoreData.framework */,
			);
			name = Frameworks;
			sourceTree = "<group>";
		};
		59F8A7FD16BDE9E00096665F /* Coq4iPad */ = {
			isa = PBXGroup;
			children = (
				594CC0C917977337003EFC50 /* coq */,
				594CC0B817977279003EFC50 /* ocaml-xsim */,
				591C348816BF767C007BA5E9 /* bridge-objc-caml */,
				59F8A80616BDE9E00096665F /* CQAppDelegate.h */,
				59F8A80716BDE9E00096665F /* CQAppDelegate.m */,
				59C9BCAF16CF738D0019F1C6 /* CQVernacDocument.h */,
				59C9BCB016CF738D0019F1C6 /* CQVernacDocument.m */,
				59F8A81516BDE9E00096665F /* CQFlipsideViewController.h */,
				59F8A81616BDE9E00096665F /* CQFlipsideViewController.m */,
				59F8A81B16BDE9E00096665F /* CQFlipsideViewController.xib */,
				5996424216C7BA9E00121EDE /* CQMasterViewController.h */,
				5996424316C7BA9E00121EDE /* CQMasterViewController.m */,
				5996424816C7BAC300121EDE /* CQMasterViewController.xib */,
				5996424016C7BA9D00121EDE /* CQDetailViewController.h */,
				5996424116C7BA9E00121EDE /* CQDetailViewController.m */,
				5996424616C7BAC300121EDE /* CQDetailViewController.xib */,
				595428B516D4A5B30084CFA4 /* CQKeyboardAccessories-portlait.xib */,
				591C349016BFC665007BA5E9 /* CQUtil.h */,
				591C349116BFC667007BA5E9 /* CQUtil.m */,
				5953E65F16CB8F930013CD34 /* CQColoredTextView.h */,
				5953E66016CB8F930013CD34 /* CQColoredTextView.m */,
				59F8A7FE16BDE9E00096665F /* Supporting Files */,
			);
			path = Coq4iPad;
			sourceTree = "<group>";
		};
		59F8A7FE16BDE9E00096665F /* Supporting Files */ = {
			isa = PBXGroup;
			children = (
				5937F4B71792C78400D8A814 /* coq-8.4pl2-standard-libs-for-coq4ios.7z */,
				596F606D1776E1BE002AFDAF /* coqlib.o */,
				59F8A7FF16BDE9E00096665F /* Coq4iPad-Info.plist */,
				59F8A80016BDE9E00096665F /* InfoPlist.strings */,
				59F8A80316BDE9E00096665F /* main.m */,
				59F8A80516BDE9E00096665F /* Coq4iPad-Prefix.pch */,
				59F8A80916BDE9E00096665F /* Default.png */,
				59F8A80B16BDE9E00096665F /* Default@2x.png */,
				59F8A80D16BDE9E00096665F /* Default-568h@2x.png */,
				59C9BCB216CF95740019F1C6 /* InitialVernacConsoleContent.v */,
			);
			name = "Supporting Files";
			sourceTree = "<group>";
		};
/* End PBXGroup section */

/* Begin PBXNativeTarget section */
		59F8A7F116BDE9E00096665F /* Coq4iPad */ = {
			isa = PBXNativeTarget;
			buildConfigurationList = 59F8A82016BDE9E00096665F /* Build configuration list for PBXNativeTarget "Coq4iPad" */;
			buildPhases = (
				59F8A7EE16BDE9E00096665F /* Sources */,
				59F8A7EF16BDE9E00096665F /* Frameworks */,
				59F8A7F016BDE9E00096665F /* Resources */,
			);
			buildRules = (
			);
			dependencies = (
			);
			name = Coq4iPad;
			productName = Coq4iPad;
			productReference = 59F8A7F216BDE9E00096665F /* Coq4iPad.app */;
			productType = "com.apple.product-type.application";
		};
/* End PBXNativeTarget section */

/* Begin PBXProject section */
		59F8A7EA16BDE9E00096665F /* Project object */ = {
			isa = PBXProject;
			attributes = {
				CLASSPREFIX = CQ;
				LastUpgradeCheck = 0460;
				ORGANIZATIONNAME = "Keigo IMAI";
			};
			buildConfigurationList = 59F8A7ED16BDE9E00096665F /* Build configuration list for PBXProject "Coq4iPad" */;
			compatibilityVersion = "Xcode 3.2";
			developmentRegion = English;
			hasScannedForEncodings = 0;
			knownRegions = (
				en,
			);
			mainGroup = 59F8A7E916BDE9E00096665F;
			productRefGroup = 59F8A7F316BDE9E00096665F /* Products */;
			projectDirPath = "";
			projectReferences = (
				{
					ProductGroup = 594CC0D3179773B7003EFC50 /* Products */;
					ProjectRef = 594CC0D2179773B7003EFC50 /* Coq4iPad.xcodeproj */;
				},
				{
					ProductGroup = 59F5344B16CEEE2C004216E8 /* Products */;
					ProjectRef = 59F5344A16CEEE2C004216E8 /* lzmaSDK.xcodeproj */;
				},
			);
			projectRoot = "";
			targets = (
				59F8A7F116BDE9E00096665F /* Coq4iPad */,
			);
		};
/* End PBXProject section */

/* Begin PBXReferenceProxy section */
		59F5345016CEEE2C004216E8 /* lzmaSDK.app */ = {
			isa = PBXReferenceProxy;
			fileType = wrapper.application;
			path = lzmaSDK.app;
			remoteRef = 59F5344F16CEEE2C004216E8 /* PBXContainerItemProxy */;
			sourceTree = BUILT_PRODUCTS_DIR;
		};
		59F5345216CEEE2C004216E8 /* liblzmaSDK-ios.a */ = {
			isa = PBXReferenceProxy;
			fileType = archive.ar;
			path = "liblzmaSDK-ios.a";
			remoteRef = 59F5345116CEEE2C004216E8 /* PBXContainerItemProxy */;
			sourceTree = BUILT_PRODUCTS_DIR;
		};
/* End PBXReferenceProxy section */

/* Begin PBXResourcesBuildPhase section */
		59F8A7F016BDE9E00096665F /* Resources */ = {
			isa = PBXResourcesBuildPhase;
			buildActionMask = 2147483647;
			files = (
				59F8A80216BDE9E00096665F /* InfoPlist.strings in Resources */,
				59F8A80A16BDE9E00096665F /* Default.png in Resources */,
				59F8A80C16BDE9E00096665F /* Default@2x.png in Resources */,
				59F8A80E16BDE9E00096665F /* Default-568h@2x.png in Resources */,
				59F8A81D16BDE9E00096665F /* CQFlipsideViewController.xib in Resources */,
				5996424A16C7BAC300121EDE /* CQDetailViewController.xib in Resources */,
				5996424B16C7BAC300121EDE /* CQMasterViewController.xib in Resources */,
				59C9BCB316CF95740019F1C6 /* InitialVernacConsoleContent.v in Resources */,
				595428B616D4A5B30084CFA4 /* CQKeyboardAccessories-portlait.xib in Resources */,
				5937F4B81792C78400D8A814 /* coq-8.4pl2-standard-libs-for-coq4ios.7z in Resources */,
			);
			runOnlyForDeploymentPostprocessing = 0;
		};
/* End PBXResourcesBuildPhase section */

/* Begin PBXSourcesBuildPhase section */
		59F8A7EE16BDE9E00096665F /* Sources */ = {
			isa = PBXSourcesBuildPhase;
			buildActionMask = 2147483647;
			files = (
				59F8A80416BDE9E00096665F /* main.m in Sources */,
				59F8A80816BDE9E00096665F /* CQAppDelegate.m in Sources */,
				59F8A81716BDE9E00096665F /* CQFlipsideViewController.m in Sources */,
				591C349216BFC66A007BA5E9 /* CQUtil.m in Sources */,
				591C349416BFCB8B007BA5E9 /* CQ_stubs.m in Sources */,
				591C349816BFCC25007BA5E9 /* CQ_convert.m in Sources */,
				591C349B16BFD04A007BA5E9 /* CQWrapper.m in Sources */,
				5996424416C7BA9E00121EDE /* CQDetailViewController.m in Sources */,
				5996424516C7BA9E00121EDE /* CQMasterViewController.m in Sources */,
				5953E66116CB8F930013CD34 /* CQColoredTextView.m in Sources */,
				59C9BCB116CF738D0019F1C6 /* CQVernacDocument.m in Sources */,
			);
			runOnlyForDeploymentPostprocessing = 0;
		};
/* End PBXSourcesBuildPhase section */

/* Begin PBXVariantGroup section */
		5996424616C7BAC300121EDE /* CQDetailViewController.xib */ = {
			isa = PBXVariantGroup;
			children = (
				5996424716C7BAC300121EDE /* en */,
			);
			name = CQDetailViewController.xib;
			sourceTree = "<group>";
		};
		5996424816C7BAC300121EDE /* CQMasterViewController.xib */ = {
			isa = PBXVariantGroup;
			children = (
				5996424916C7BAC300121EDE /* en */,
			);
			name = CQMasterViewController.xib;
			sourceTree = "<group>";
		};
		59F8A80016BDE9E00096665F /* InfoPlist.strings */ = {
			isa = PBXVariantGroup;
			children = (
				59F8A80116BDE9E00096665F /* en */,
			);
			name = InfoPlist.strings;
			sourceTree = "<group>";
		};
		59F8A81B16BDE9E00096665F /* CQFlipsideViewController.xib */ = {
			isa = PBXVariantGroup;
			children = (
				59F8A81C16BDE9E00096665F /* en */,
			);
			name = CQFlipsideViewController.xib;
			sourceTree = "<group>";
		};
/* End PBXVariantGroup section */

/* Begin XCBuildConfiguration section */
		59F8A81E16BDE9E00096665F /* Debug */ = {
			isa = XCBuildConfiguration;
			buildSettings = {
				ALWAYS_SEARCH_USER_PATHS = NO;
				CLANG_CXX_LANGUAGE_STANDARD = "gnu++0x";
				CLANG_CXX_LIBRARY = "libc++";
				CLANG_ENABLE_OBJC_ARC = YES;
				CLANG_WARN_CONSTANT_CONVERSION = YES;
				CLANG_WARN_EMPTY_BODY = YES;
				CLANG_WARN_ENUM_CONVERSION = YES;
				CLANG_WARN_INT_CONVERSION = YES;
				CLANG_WARN__DUPLICATE_METHOD_MATCH = YES;
				"CODE_SIGN_IDENTITY[sdk=iphoneos*]" = "iPhone Developer";
				COPY_PHASE_STRIP = NO;
				GCC_C_LANGUAGE_STANDARD = gnu99;
				GCC_DYNAMIC_NO_PIC = NO;
				GCC_OPTIMIZATION_LEVEL = 0;
				GCC_PREPROCESSOR_DEFINITIONS = (
					"DEBUG=1",
					"$(inherited)",
				);
				GCC_SYMBOLS_PRIVATE_EXTERN = NO;
				GCC_WARN_ABOUT_RETURN_TYPE = YES;
				GCC_WARN_UNINITIALIZED_AUTOS = YES;
				GCC_WARN_UNUSED_VARIABLE = YES;
				HEADER_SEARCH_PATHS = (
					../tmp,
					"Coq4iPad/include-extra/nested/caml",
					"Coq4iPad/include-extra/nested",
					../lzmaSDK/Classes/LZMASDK/,
				);
				IPHONEOS_DEPLOYMENT_TARGET = 5.0;
				ONLY_ACTIVE_ARCH = YES;
				SDKROOT = iphoneos;
				TARGETED_DEVICE_FAMILY = 2;
			};
			name = Debug;
		};
		59F8A81F16BDE9E00096665F /* Release */ = {
			isa = XCBuildConfiguration;
			buildSettings = {
				ALWAYS_SEARCH_USER_PATHS = NO;
				CLANG_CXX_LANGUAGE_STANDARD = "gnu++0x";
				CLANG_CXX_LIBRARY = "libc++";
				CLANG_ENABLE_OBJC_ARC = YES;
				CLANG_WARN_CONSTANT_CONVERSION = YES;
				CLANG_WARN_EMPTY_BODY = YES;
				CLANG_WARN_ENUM_CONVERSION = YES;
				CLANG_WARN_INT_CONVERSION = YES;
				CLANG_WARN__DUPLICATE_METHOD_MATCH = YES;
				"CODE_SIGN_IDENTITY[sdk=iphoneos*]" = "iPhone Developer";
				COPY_PHASE_STRIP = YES;
				GCC_C_LANGUAGE_STANDARD = gnu99;
				GCC_WARN_ABOUT_RETURN_TYPE = YES;
				GCC_WARN_UNINITIALIZED_AUTOS = YES;
				GCC_WARN_UNUSED_VARIABLE = YES;
				HEADER_SEARCH_PATHS = (
					../tmp,
					"Coq4iPad/include-extra/nested/caml",
					"Coq4iPad/include-extra/nested",
					../lzmaSDK/Classes/LZMASDK/,
				);
				IPHONEOS_DEPLOYMENT_TARGET = 5.0;
				OTHER_CFLAGS = "-DNS_BLOCK_ASSERTIONS=1";
				SDKROOT = iphoneos;
				TARGETED_DEVICE_FAMILY = 2;
				VALIDATE_PRODUCT = YES;
			};
			name = Release;
		};
		59F8A82116BDE9E00096665F /* Debug */ = {
			isa = XCBuildConfiguration;
			buildSettings = {
				GCC_PRECOMPILE_PREFIX_HEADER = YES;
				GCC_PREFIX_HEADER = "Coq4iPad/Coq4iPad-Prefix.pch";
				INFOPLIST_FILE = "Coq4iPad/Coq4iPad-Info.plist";
				LIBRARY_SEARCH_PATHS = (
					"$(inherited)",
					"\"$(SRCROOT)/../coq-src/kernel/byterun\"",
					"\"$(SYSTEM_APPS_DIR)/Xcode.app/Contents/Developer/usr/llvm-gcc-4.2/lib/gcc/i686-apple-darwin11/4.2.1\"",
					/usr/local/ocamlxsim/lib/ocaml,
				);
				PRODUCT_NAME = "$(TARGET_NAME)";
				WRAPPER_EXTENSION = app;
			};
			name = Debug;
		};
		59F8A82216BDE9E00096665F /* Release */ = {
			isa = XCBuildConfiguration;
			buildSettings = {
				GCC_PRECOMPILE_PREFIX_HEADER = YES;
				GCC_PREFIX_HEADER = "Coq4iPad/Coq4iPad-Prefix.pch";
				INFOPLIST_FILE = "Coq4iPad/Coq4iPad-Info.plist";
				LIBRARY_SEARCH_PATHS = (
					"$(inherited)",
					"\"$(SRCROOT)/../coq-src/kernel/byterun\"",
					"\"$(SYSTEM_APPS_DIR)/Xcode.app/Contents/Developer/usr/llvm-gcc-4.2/lib/gcc/i686-apple-darwin11/4.2.1\"",
					/usr/local/ocamlxsim/lib/ocaml,
				);
				PRODUCT_NAME = "$(TARGET_NAME)";
				WRAPPER_EXTENSION = app;
			};
			name = Release;
		};
/* End XCBuildConfiguration section */

/* Begin XCConfigurationList section */
		59F8A7ED16BDE9E00096665F /* Build configuration list for PBXProject "Coq4iPad" */ = {
			isa = XCConfigurationList;
			buildConfigurations = (
				59F8A81E16BDE9E00096665F /* Debug */,
				59F8A81F16BDE9E00096665F /* Release */,
			);
			defaultConfigurationIsVisible = 0;
			defaultConfigurationName = Release;
		};
		59F8A82016BDE9E00096665F /* Build configuration list for PBXNativeTarget "Coq4iPad" */ = {
			isa = XCConfigurationList;
			buildConfigurations = (
				59F8A82116BDE9E00096665F /* Debug */,
				59F8A82216BDE9E00096665F /* Release */,
			);
			defaultConfigurationIsVisible = 0;
			defaultConfigurationName = Release;
		};
/* End XCConfigurationList section */
	};
	rootObject = 59F8A7EA16BDE9E00096665F /* Project object */;
}
